// !$*UTF8*$!
{
	archiveVersion = 1;
	classes = {
	};
	objectVersion = 56;
	objects = {

/* Begin PBXBuildFile section */
		8C4F0B6529D24FE900E30504 /* Extensions.swift in Sources */ = {isa = PBXBuildFile; fileRef = 8C4F0B6429D24FE900E30504 /* Extensions.swift */; };
		8C4F0B6729D285FC00E30504 /* VerticalLabeledContentStyle.swift in Sources */ = {isa = PBXBuildFile; fileRef = 8C4F0B6629D285FC00E30504 /* VerticalLabeledContentStyle.swift */; };
		8C4F0B6929D2864B00E30504 /* Statistic.swift in Sources */ = {isa = PBXBuildFile; fileRef = 8C4F0B6829D2864B00E30504 /* Statistic.swift */; };
		8C4F0B6B29D28B5100E30504 /* ScoreChart.swift in Sources */ = {isa = PBXBuildFile; fileRef = 8C4F0B6A29D28B5100E30504 /* ScoreChart.swift */; };
		8C62A88B29D12F7A0073A9A0 /* NYCSchoolsChallengeApp.swift in Sources */ = {isa = PBXBuildFile; fileRef = 8C62A88A29D12F7A0073A9A0 /* NYCSchoolsChallengeApp.swift */; };
		8C62A88D29D12F7A0073A9A0 /* SchoolListScreen.swift in Sources */ = {isa = PBXBuildFile; fileRef = 8C62A88C29D12F7A0073A9A0 /* SchoolListScreen.swift */; };
		8C62A88F29D12F7D0073A9A0 /* Assets.xcassets in Resources */ = {isa = PBXBuildFile; fileRef = 8C62A88E29D12F7D0073A9A0 /* Assets.xcassets */; };
		8C62A89229D12F7D0073A9A0 /* Preview Assets.xcassets in Resources */ = {isa = PBXBuildFile; fileRef = 8C62A89129D12F7D0073A9A0 /* Preview Assets.xcassets */; };
		8C62A89929D1316A0073A9A0 /* School.swift in Sources */ = {isa = PBXBuildFile; fileRef = 8C62A89829D1316A0073A9A0 /* School.swift */; };
		8C62A89B29D138C10073A9A0 /* TestResults.swift in Sources */ = {isa = PBXBuildFile; fileRef = 8C62A89A29D138C10073A9A0 /* TestResults.swift */; };
		8C62A89E29D13DA20073A9A0 /* SchoolListItem.swift in Sources */ = {isa = PBXBuildFile; fileRef = 8C62A89D29D13DA20073A9A0 /* SchoolListItem.swift */; };
		8C62A8A029D13E530073A9A0 /* SchoolDetailScreen.swift in Sources */ = {isa = PBXBuildFile; fileRef = 8C62A89F29D13E530073A9A0 /* SchoolDetailScreen.swift */; };
		8C62A8A329D1490B0073A9A0 /* School+SampleJSON.swift in Sources */ = {isa = PBXBuildFile; fileRef = 8C62A8A229D1490B0073A9A0 /* School+SampleJSON.swift */; };
		8C62A8A529D149710073A9A0 /* NetworkingManager.swift in Sources */ = {isa = PBXBuildFile; fileRef = 8C62A8A429D149710073A9A0 /* NetworkingManager.swift */; };
		8C62A8A729D14C670073A9A0 /* SchoolListViewModel.swift in Sources */ = {isa = PBXBuildFile; fileRef = 8C62A8A629D14C670073A9A0 /* SchoolListViewModel.swift */; };
		8CD9FF4129D5F62900A7627F /* NYCSchoolsTests.swift in Sources */ = {isa = PBXBuildFile; fileRef = 8CD9FF4029D5F62900A7627F /* NYCSchoolsTests.swift */; };
		8CD9FF4729D5F75100A7627F /* School.swift in Sources */ = {isa = PBXBuildFile; fileRef = 8C62A89829D1316A0073A9A0 /* School.swift */; };
		8CD9FF4829D5F75E00A7627F /* School+SampleJSON.swift in Sources */ = {isa = PBXBuildFile; fileRef = 8C62A8A229D1490B0073A9A0 /* School+SampleJSON.swift */; };
		8CD9FF4929D5F99300A7627F /* TestResults.swift in Sources */ = {isa = PBXBuildFile; fileRef = 8C62A89A29D138C10073A9A0 /* TestResults.swift */; };
		8CD9FF4A29D5FB5A00A7627F /* NetworkingManager.swift in Sources */ = {isa = PBXBuildFile; fileRef = 8C62A8A429D149710073A9A0 /* NetworkingManager.swift */; };
		8CDF7A5429FE05DB001890FF /* NetworkingManagerTests.swift in Sources */ = {isa = PBXBuildFile; fileRef = 8CDF7A5329FE05DB001890FF /* NetworkingManagerTests.swift */; };
/* End PBXBuildFile section */

/* Begin PBXContainerItemProxy section */
		8CD9FF4229D5F62900A7627F /* PBXContainerItemProxy */ = {
			isa = PBXContainerItemProxy;
			containerPortal = 8C62A87F29D12F7A0073A9A0 /* Project object */;
			proxyType = 1;
			remoteGlobalIDString = 8C62A88629D12F7A0073A9A0;
			remoteInfo = NYCSchoolsChallenge;
		};
/* End PBXContainerItemProxy section */

/* Begin PBXFileReference section */
		8C4F0B6429D24FE900E30504 /* Extensions.swift */ = {isa = PBXFileReference; lastKnownFileType = sourcecode.swift; path = Extensions.swift; sourceTree = "<group>"; };
		8C4F0B6629D285FC00E30504 /* VerticalLabeledContentStyle.swift */ = {isa = PBXFileReference; lastKnownFileType = sourcecode.swift; path = VerticalLabeledContentStyle.swift; sourceTree = "<group>"; };
		8C4F0B6829D2864B00E30504 /* Statistic.swift */ = {isa = PBXFileReference; lastKnownFileType = sourcecode.swift; path = Statistic.swift; sourceTree = "<group>"; };
		8C4F0B6A29D28B5100E30504 /* ScoreChart.swift */ = {isa = PBXFileReference; lastKnownFileType = sourcecode.swift; path = ScoreChart.swift; sourceTree = "<group>"; };
		8C62A88729D12F7A0073A9A0 /* NYCSchoolsChallenge.app */ = {isa = PBXFileReference; explicitFileType = wrapper.application; includeInIndex = 0; path = NYCSchoolsChallenge.app; sourceTree = BUILT_PRODUCTS_DIR; };
		8C62A88A29D12F7A0073A9A0 /* NYCSchoolsChallengeApp.swift */ = {isa = PBXFileReference; lastKnownFileType = sourcecode.swift; path = NYCSchoolsChallengeApp.swift; sourceTree = "<group>"; };
		8C62A88C29D12F7A0073A9A0 /* SchoolListScreen.swift */ = {isa = PBXFileReference; lastKnownFileType = sourcecode.swift; path = SchoolListScreen.swift; sourceTree = "<group>"; };
		8C62A88E29D12F7D0073A9A0 /* Assets.xcassets */ = {isa = PBXFileReference; lastKnownFileType = folder.assetcatalog; path = Assets.xcassets; sourceTree = "<group>"; };
		8C62A89129D12F7D0073A9A0 /* Preview Assets.xcassets */ = {isa = PBXFileReference; lastKnownFileType = folder.assetcatalog; path = "Preview Assets.xcassets"; sourceTree = "<group>"; };
		8C62A89829D1316A0073A9A0 /* School.swift */ = {isa = PBXFileReference; lastKnownFileType = sourcecode.swift; path = School.swift; sourceTree = "<group>"; };
		8C62A89A29D138C10073A9A0 /* TestResults.swift */ = {isa = PBXFileReference; lastKnownFileType = sourcecode.swift; path = TestResults.swift; sourceTree = "<group>"; };
		8C62A89D29D13DA20073A9A0 /* SchoolListItem.swift */ = {isa = PBXFileReference; lastKnownFileType = sourcecode.swift; path = SchoolListItem.swift; sourceTree = "<group>"; };
		8C62A89F29D13E530073A9A0 /* SchoolDetailScreen.swift */ = {isa = PBXFileReference; lastKnownFileType = sourcecode.swift; path = SchoolDetailScreen.swift; sourceTree = "<group>"; };
		8C62A8A229D1490B0073A9A0 /* School+SampleJSON.swift */ = {isa = PBXFileReference; lastKnownFileType = sourcecode.swift; path = "School+SampleJSON.swift"; sourceTree = "<group>"; };
		8C62A8A429D149710073A9A0 /* NetworkingManager.swift */ = {isa = PBXFileReference; lastKnownFileType = sourcecode.swift; path = NetworkingManager.swift; sourceTree = "<group>"; };
		8C62A8A629D14C670073A9A0 /* SchoolListViewModel.swift */ = {isa = PBXFileReference; lastKnownFileType = sourcecode.swift; path = SchoolListViewModel.swift; sourceTree = "<group>"; };
		8CA1CA3B29DDE3F400E03969 /* README.md */ = {isa = PBXFileReference; lastKnownFileType = net.daringfireball.markdown; path = README.md; sourceTree = "<group>"; };
		8CD9FF3E29D5F62900A7627F /* NYCSchoolsTests.xctest */ = {isa = PBXFileReference; explicitFileType = wrapper.cfbundle; includeInIndex = 0; path = NYCSchoolsTests.xctest; sourceTree = BUILT_PRODUCTS_DIR; };
		8CD9FF4029D5F62900A7627F /* NYCSchoolsTests.swift */ = {isa = PBXFileReference; lastKnownFileType = sourcecode.swift; path = NYCSchoolsTests.swift; sourceTree = "<group>"; };
		8CDF7A5329FE05DB001890FF /* NetworkingManagerTests.swift */ = {isa = PBXFileReference; lastKnownFileType = sourcecode.swift; path = NetworkingManagerTests.swift; sourceTree = "<group>"; };
/* End PBXFileReference section */

/* Begin PBXFrameworksBuildPhase section */
		8C62A88429D12F7A0073A9A0 /* Frameworks */ = {
			isa = PBXFrameworksBuildPhase;
			buildActionMask = 2147483647;
			files = (
			);
			runOnlyForDeploymentPostprocessing = 0;
		};
		8CD9FF3B29D5F62900A7627F /* Frameworks */ = {
			isa = PBXFrameworksBuildPhase;
			buildActionMask = 2147483647;
			files = (
			);
			runOnlyForDeploymentPostprocessing = 0;
		};
/* End PBXFrameworksBuildPhase section */

/* Begin PBXGroup section */
		8C62A87E29D12F7A0073A9A0 = {
			isa = PBXGroup;
			children = (
				8CA1CA3B29DDE3F400E03969 /* README.md */,
				8C62A88929D12F7A0073A9A0 /* NYCSchoolsChallenge */,
				8CD9FF3F29D5F62900A7627F /* NYCSchoolsTests */,
				8C62A88829D12F7A0073A9A0 /* Products */,
			);
			sourceTree = "<group>";
		};
		8C62A88829D12F7A0073A9A0 /* Products */ = {
			isa = PBXGroup;
			children = (
				8C62A88729D12F7A0073A9A0 /* NYCSchoolsChallenge.app */,
				8CD9FF3E29D5F62900A7627F /* NYCSchoolsTests.xctest */,
			);
			name = Products;
			sourceTree = "<group>";
		};
		8C62A88929D12F7A0073A9A0 /* NYCSchoolsChallenge */ = {
			isa = PBXGroup;
			children = (
				8C62A88A29D12F7A0073A9A0 /* NYCSchoolsChallengeApp.swift */,
				8C62A8A429D149710073A9A0 /* NetworkingManager.swift */,
				8C62A8A629D14C670073A9A0 /* SchoolListViewModel.swift */,
				8C4F0B6429D24FE900E30504 /* Extensions.swift */,
				8C62A8A129D13EBD0073A9A0 /* Views */,
				8C62A89C29D13D450073A9A0 /* Model */,
				8C62A88E29D12F7D0073A9A0 /* Assets.xcassets */,
				8C62A89029D12F7D0073A9A0 /* Preview Content */,
			);
			path = NYCSchoolsChallenge;
			sourceTree = "<group>";
		};
		8C62A89029D12F7D0073A9A0 /* Preview Content */ = {
			isa = PBXGroup;
			children = (
				8C62A89129D12F7D0073A9A0 /* Preview Assets.xcassets */,
			);
			path = "Preview Content";
			sourceTree = "<group>";
		};
		8C62A89C29D13D450073A9A0 /* Model */ = {
			isa = PBXGroup;
			children = (
				8C62A89829D1316A0073A9A0 /* School.swift */,
				8C62A8A229D1490B0073A9A0 /* School+SampleJSON.swift */,
				8C62A89A29D138C10073A9A0 /* TestResults.swift */,
			);
			path = Model;
			sourceTree = "<group>";
		};
		8C62A8A129D13EBD0073A9A0 /* Views */ = {
			isa = PBXGroup;
			children = (
				8C62A88C29D12F7A0073A9A0 /* SchoolListScreen.swift */,
				8C62A89D29D13DA20073A9A0 /* SchoolListItem.swift */,
				8C62A89F29D13E530073A9A0 /* SchoolDetailScreen.swift */,
				8C4F0B6629D285FC00E30504 /* VerticalLabeledContentStyle.swift */,
				8C4F0B6829D2864B00E30504 /* Statistic.swift */,
				8C4F0B6A29D28B5100E30504 /* ScoreChart.swift */,
			);
			path = Views;
			sourceTree = "<group>";
		};
		8CD9FF3F29D5F62900A7627F /* NYCSchoolsTests */ = {
			isa = PBXGroup;
			children = (
				8CD9FF4029D5F62900A7627F /* NYCSchoolsTests.swift */,
				8CDF7A5329FE05DB001890FF /* NetworkingManagerTests.swift */,
			);
			path = NYCSchoolsTests;
			sourceTree = "<group>";
		};
/* End PBXGroup section */

/* Begin PBXNativeTarget section */
		8C62A88629D12F7A0073A9A0 /* NYCSchoolsChallenge */ = {
			isa = PBXNativeTarget;
			buildConfigurationList = 8C62A89529D12F7D0073A9A0 /* Build configuration list for PBXNativeTarget "NYCSchoolsChallenge" */;
			buildPhases = (
				8C62A88329D12F7A0073A9A0 /* Sources */,
				8C62A88429D12F7A0073A9A0 /* Frameworks */,
				8C62A88529D12F7A0073A9A0 /* Resources */,
			);
			buildRules = (
			);
			dependencies = (
			);
			name = NYCSchoolsChallenge;
			productName = NYCSchoolsChallenge;
			productReference = 8C62A88729D12F7A0073A9A0 /* NYCSchoolsChallenge.app */;
			productType = "com.apple.product-type.application";
		};
		8CD9FF3D29D5F62900A7627F /* NYCSchoolsTests */ = {
			isa = PBXNativeTarget;
			buildConfigurationList = 8CD9FF4629D5F62900A7627F /* Build configuration list for PBXNativeTarget "NYCSchoolsTests" */;
			buildPhases = (
				8CD9FF3A29D5F62900A7627F /* Sources */,
				8CD9FF3B29D5F62900A7627F /* Frameworks */,
				8CD9FF3C29D5F62900A7627F /* Resources */,
			);
			buildRules = (
			);
			dependencies = (
				8CD9FF4329D5F62900A7627F /* PBXTargetDependency */,
			);
			name = NYCSchoolsTests;
			productName = NYCSchoolsTests;
			productReference = 8CD9FF3E29D5F62900A7627F /* NYCSchoolsTests.xctest */;
			productType = "com.apple.product-type.bundle.unit-test";
		};
/* End PBXNativeTarget section */

/* Begin PBXProject section */
		8C62A87F29D12F7A0073A9A0 /* Project object */ = {
			isa = PBXProject;
			attributes = {
				BuildIndependentTargetsInParallel = 1;
				LastSwiftUpdateCheck = 1430;
				LastUpgradeCheck = 1430;
				TargetAttributes = {
					8C62A88629D12F7A0073A9A0 = {
						CreatedOnToolsVersion = 14.3;
					};
					8CD9FF3D29D5F62900A7627F = {
						CreatedOnToolsVersion = 14.3;
						TestTargetID = 8C62A88629D12F7A0073A9A0;
					};
				};
			};
			buildConfigurationList = 8C62A88229D12F7A0073A9A0 /* Build configuration list for PBXProject "NYCSchoolsChallenge" */;
			compatibilityVersion = "Xcode 14.0";
			developmentRegion = en;
			hasScannedForEncodings = 0;
			knownRegions = (
				en,
				Base,
			);
			mainGroup = 8C62A87E29D12F7A0073A9A0;
			productRefGroup = 8C62A88829D12F7A0073A9A0 /* Products */;
			projectDirPath = "";
			projectRoot = "";
			targets = (
				8C62A88629D12F7A0073A9A0 /* NYCSchoolsChallenge */,
				8CD9FF3D29D5F62900A7627F /* NYCSchoolsTests */,
			);
		};
/* End PBXProject section */

/* Begin PBXResourcesBuildPhase section */
		8C62A88529D12F7A0073A9A0 /* Resources */ = {
			isa = PBXResourcesBuildPhase;
			buildActionMask = 2147483647;
			files = (
				8C62A89229D12F7D0073A9A0 /* Preview Assets.xcassets in Resources */,
				8C62A88F29D12F7D0073A9A0 /* Assets.xcassets in Resources */,
			);
			runOnlyForDeploymentPostprocessing = 0;
		};
		8CD9FF3C29D5F62900A7627F /* Resources */ = {
			isa = PBXResourcesBuildPhase;
			buildActionMask = 2147483647;
			files = (
			);
			runOnlyForDeploymentPostprocessing = 0;
		};
/* End PBXResourcesBuildPhase section */

/* Begin PBXSourcesBuildPhase section */
		8C62A88329D12F7A0073A9A0 /* Sources */ = {
			isa = PBXSourcesBuildPhase;
			buildActionMask = 2147483647;
			files = (
				8C4F0B6B29D28B5100E30504 /* ScoreChart.swift in Sources */,
				8C62A89E29D13DA20073A9A0 /* SchoolListItem.swift in Sources */,
				8C62A88D29D12F7A0073A9A0 /* SchoolListScreen.swift in Sources */,
				8C62A89929D1316A0073A9A0 /* School.swift in Sources */,
				8C4F0B6729D285FC00E30504 /* VerticalLabeledContentStyle.swift in Sources */,
				8C62A8A729D14C670073A9A0 /* SchoolListViewModel.swift in Sources */,
				8C62A89B29D138C10073A9A0 /* TestResults.swift in Sources */,
				8C4F0B6929D2864B00E30504 /* Statistic.swift in Sources */,
				8C4F0B6529D24FE900E30504 /* Extensions.swift in Sources */,
				8C62A8A029D13E530073A9A0 /* SchoolDetailScreen.swift in Sources */,
				8C62A8A529D149710073A9A0 /* NetworkingManager.swift in Sources */,
				8C62A8A329D1490B0073A9A0 /* School+SampleJSON.swift in Sources */,
				8C62A88B29D12F7A0073A9A0 /* NYCSchoolsChallengeApp.swift in Sources */,
			);
			runOnlyForDeploymentPostprocessing = 0;
		};
		8CD9FF3A29D5F62900A7627F /* Sources */ = {
			isa = PBXSourcesBuildPhase;
			buildActionMask = 2147483647;
			files = (
				8CD9FF4129D5F62900A7627F /* NYCSchoolsTests.swift in Sources */,
				8CD9FF4829D5F75E00A7627F /* School+SampleJSON.swift in Sources */,
				8CD9FF4929D5F99300A7627F /* TestResults.swift in Sources */,
				8CD9FF4A29D5FB5A00A7627F /* NetworkingManager.swift in Sources */,
				8CD9FF4729D5F75100A7627F /* School.swift in Sources */,
				8CDF7A5429FE05DB001890FF /* NetworkingManagerTests.swift in Sources */,
			);
			runOnlyForDeploymentPostprocessing = 0;
		};
/* End PBXSourcesBuildPhase section */

/* Begin PBXTargetDependency section */
		8CD9FF4329D5F62900A7627F /* PBXTargetDependency */ = {
			isa = PBXTargetDependency;
			target = 8C62A88629D12F7A0073A9A0 /* NYCSchoolsChallenge */;
			targetProxy = 8CD9FF4229D5F62900A7627F /* PBXContainerItemProxy */;
		};
/* End PBXTargetDependency section */

/* Begin XCBuildConfiguration section */
		8C62A89329D12F7D0073A9A0 /* Debug */ = {
			isa = XCBuildConfiguration;
			buildSettings = {
				ALWAYS_SEARCH_USER_PATHS = NO;
				CLANG_ANALYZER_NONNULL = YES;
				CLANG_ANALYZER_NUMBER_OBJECT_CONVERSION = YES_AGGRESSIVE;
				CLANG_CXX_LANGUAGE_STANDARD = "gnu++20";
				CLANG_ENABLE_MODULES = YES;
				CLANG_ENABLE_OBJC_ARC = YES;
				CLANG_ENABLE_OBJC_WEAK = YES;
				CLANG_WARN_BLOCK_CAPTURE_AUTORELEASING = YES;
				CLANG_WARN_BOOL_CONVERSION = YES;
				CLANG_WARN_COMMA = YES;
				CLANG_WARN_CONSTANT_CONVERSION = YES;
				CLANG_WARN_DEPRECATED_OBJC_IMPLEMENTATIONS = YES;
				CLANG_WARN_DIRECT_OBJC_ISA_USAGE = YES_ERROR;
				CLANG_WARN_DOCUMENTATION_COMMENTS = YES;
				CLANG_WARN_EMPTY_BODY = YES;
				CLANG_WARN_ENUM_CONVERSION = YES;
				CLANG_WARN_INFINITE_RECURSION = YES;
				CLANG_WARN_INT_CONVERSION = YES;
				CLANG_WARN_NON_LITERAL_NULL_CONVERSION = YES;
				CLANG_WARN_OBJC_IMPLICIT_RETAIN_SELF = YES;
				CLANG_WARN_OBJC_LITERAL_CONVERSION = YES;
				CLANG_WARN_OBJC_ROOT_CLASS = YES_ERROR;
				CLANG_WARN_QUOTED_INCLUDE_IN_FRAMEWORK_HEADER = YES;
				CLANG_WARN_RANGE_LOOP_ANALYSIS = YES;
				CLANG_WARN_STRICT_PROTOTYPES = YES;
				CLANG_WARN_SUSPICIOUS_MOVE = YES;
				CLANG_WARN_UNGUARDED_AVAILABILITY = YES_AGGRESSIVE;
				CLANG_WARN_UNREACHABLE_CODE = YES;
				CLANG_WARN__DUPLICATE_METHOD_MATCH = YES;
				COPY_PHASE_STRIP = NO;
				DEBUG_INFORMATION_FORMAT = dwarf;
				ENABLE_STRICT_OBJC_MSGSEND = YES;
				ENABLE_TESTABILITY = YES;
				GCC_C_LANGUAGE_STANDARD = gnu11;
				GCC_DYNAMIC_NO_PIC = NO;
				GCC_NO_COMMON_BLOCKS = YES;
				GCC_OPTIMIZATION_LEVEL = 0;
				GCC_PREPROCESSOR_DEFINITIONS = (
					"DEBUG=1",
					"$(inherited)",
				);
				GCC_WARN_64_TO_32_BIT_CONVERSION = YES;
				GCC_WARN_ABOUT_RETURN_TYPE = YES_ERROR;
				GCC_WARN_UNDECLARED_SELECTOR = YES;
				GCC_WARN_UNINITIALIZED_AUTOS = YES_AGGRESSIVE;
				GCC_WARN_UNUSED_FUNCTION = YES;
				GCC_WARN_UNUSED_VARIABLE = YES;
				IPHONEOS_DEPLOYMENT_TARGET = 16.4;
				MTL_ENABLE_DEBUG_INFO = INCLUDE_SOURCE;
				MTL_FAST_MATH = YES;
				ONLY_ACTIVE_ARCH = YES;
				SDKROOT = iphoneos;
				SWIFT_ACTIVE_COMPILATION_CONDITIONS = DEBUG;
				SWIFT_OPTIMIZATION_LEVEL = "-Onone";
			};
			name = Debug;
		};
		8C62A89429D12F7D0073A9A0 /* Release */ = {
			isa = XCBuildConfiguration;
			buildSettings = {
				ALWAYS_SEARCH_USER_PATHS = NO;
				CLANG_ANALYZER_NONNULL = YES;
				CLANG_ANALYZER_NUMBER_OBJECT_CONVERSION = YES_AGGRESSIVE;
				CLANG_CXX_LANGUAGE_STANDARD = "gnu++20";
				CLANG_ENABLE_MODULES = YES;
				CLANG_ENABLE_OBJC_ARC = YES;
				CLANG_ENABLE_OBJC_WEAK = YES;
				CLANG_WARN_BLOCK_CAPTURE_AUTORELEASING = YES;
				CLANG_WARN_BOOL_CONVERSION = YES;
				CLANG_WARN_COMMA = YES;
				CLANG_WARN_CONSTANT_CONVERSION = YES;
				CLANG_WARN_DEPRECATED_OBJC_IMPLEMENTATIONS = YES;
				CLANG_WARN_DIRECT_OBJC_ISA_USAGE = YES_ERROR;
				CLANG_WARN_DOCUMENTATION_COMMENTS = YES;
				CLANG_WARN_EMPTY_BODY = YES;
				CLANG_WARN_ENUM_CONVERSION = YES;
				CLANG_WARN_INFINITE_RECURSION = YES;
				CLANG_WARN_INT_CONVERSION = YES;
				CLANG_WARN_NON_LITERAL_NULL_CONVERSION = YES;
				CLANG_WARN_OBJC_IMPLICIT_RETAIN_SELF = YES;
				CLANG_WARN_OBJC_LITERAL_CONVERSION = YES;
				CLANG_WARN_OBJC_ROOT_CLASS = YES_ERROR;
				CLANG_WARN_QUOTED_INCLUDE_IN_FRAMEWORK_HEADER = YES;
				CLANG_WARN_RANGE_LOOP_ANALYSIS = YES;
				CLANG_WARN_STRICT_PROTOTYPES = YES;
				CLANG_WARN_SUSPICIOUS_MOVE = YES;
				CLANG_WARN_UNGUARDED_AVAILABILITY = YES_AGGRESSIVE;
				CLANG_WARN_UNREACHABLE_CODE = YES;
				CLANG_WARN__DUPLICATE_METHOD_MATCH = YES;
				COPY_PHASE_STRIP = NO;
				DEBUG_INFORMATION_FORMAT = "dwarf-with-dsym";
				ENABLE_NS_ASSERTIONS = NO;
				ENABLE_STRICT_OBJC_MSGSEND = YES;
				GCC_C_LANGUAGE_STANDARD = gnu11;
				GCC_NO_COMMON_BLOCKS = YES;
				GCC_WARN_64_TO_32_BIT_CONVERSION = YES;
				GCC_WARN_ABOUT_RETURN_TYPE = YES_ERROR;
				GCC_WARN_UNDECLARED_SELECTOR = YES;
				GCC_WARN_UNINITIALIZED_AUTOS = YES_AGGRESSIVE;
				GCC_WARN_UNUSED_FUNCTION = YES;
				GCC_WARN_UNUSED_VARIABLE = YES;
				IPHONEOS_DEPLOYMENT_TARGET = 16.4;
				MTL_ENABLE_DEBUG_INFO = NO;
				MTL_FAST_MATH = YES;
				SDKROOT = iphoneos;
				SWIFT_COMPILATION_MODE = wholemodule;
				SWIFT_OPTIMIZATION_LEVEL = "-O";
				VALIDATE_PRODUCT = YES;
			};
			name = Release;
		};
		8C62A89629D12F7D0073A9A0 /* Debug */ = {
			isa = XCBuildConfiguration;
			buildSettings = {
				ASSETCATALOG_COMPILER_APPICON_NAME = AppIcon;
				ASSETCATALOG_COMPILER_GLOBAL_ACCENT_COLOR_NAME = AccentColor;
				CODE_SIGN_STYLE = Automatic;
				CURRENT_PROJECT_VERSION = 1;
				DEVELOPMENT_ASSET_PATHS = "\"NYCSchoolsChallenge/Preview Content\"";
				DEVELOPMENT_TEAM = 74A3A8KAD9;
				ENABLE_PREVIEWS = YES;
				GENERATE_INFOPLIST_FILE = YES;
				INFOPLIST_KEY_CFBundleDisplayName = "NYC Schools";
				INFOPLIST_KEY_UIApplicationSceneManifest_Generation = YES;
				INFOPLIST_KEY_UIApplicationSupportsIndirectInputEvents = YES;
				INFOPLIST_KEY_UILaunchScreen_Generation = YES;
				INFOPLIST_KEY_UISupportedInterfaceOrientations_iPad = "UIInterfaceOrientationPortrait UIInterfaceOrientationPortraitUpsideDown UIInterfaceOrientationLandscapeLeft UIInterfaceOrientationLandscapeRight";
				INFOPLIST_KEY_UISupportedInterfaceOrientations_iPhone = "UIInterfaceOrientationPortrait UIInterfaceOrientationLandscapeLeft UIInterfaceOrientationLandscapeRight";
				IPHONEOS_DEPLOYMENT_TARGET = 16.0;
				LD_RUNPATH_SEARCH_PATHS = (
					"$(inherited)",
					"@executable_path/Frameworks",
				);
				MARKETING_VERSION = 1.0;
				PRODUCT_BUNDLE_IDENTIFIER = com.kubaszulaczkowski.NYCSchoolsChallenge;
				PRODUCT_NAME = "$(TARGET_NAME)";
				SWIFT_EMIT_LOC_STRINGS = YES;
				SWIFT_VERSION = 5.0;
				TARGETED_DEVICE_FAMILY = "1,2";
			};
			name = Debug;
		};
		8C62A89729D12F7D0073A9A0 /* Release */ = {
			isa = XCBuildConfiguration;
			buildSettings = {
				ASSETCATALOG_COMPILER_APPICON_NAME = AppIcon;
				ASSETCATALOG_COMPILER_GLOBAL_ACCENT_COLOR_NAME = AccentColor;
				CODE_SIGN_STYLE = Automatic;
				CURRENT_PROJECT_VERSION = 1;
				DEVELOPMENT_ASSET_PATHS = "\"NYCSchoolsChallenge/Preview Content\"";
				DEVELOPMENT_TEAM = 74A3A8KAD9;
				ENABLE_PREVIEWS = YES;
				GENERATE_INFOPLIST_FILE = YES;
				INFOPLIST_KEY_CFBundleDisplayName = "NYC Schools";
				INFOPLIST_KEY_UIApplicationSceneManifest_Generation = YES;
				INFOPLIST_KEY_UIApplicationSupportsIndirectInputEvents = YES;
				INFOPLIST_KEY_UILaunchScreen_Generation = YES;
				INFOPLIST_KEY_UISupportedInterfaceOrientations_iPad = "UIInterfaceOrientationPortrait UIInterfaceOrientationPortraitUpsideDown UIInterfaceOrientationLandscapeLeft UIInterfaceOrientationLandscapeRight";
				INFOPLIST_KEY_UISupportedInterfaceOrientations_iPhone = "UIInterfaceOrientationPortrait UIInterfaceOrientationLandscapeLeft UIInterfaceOrientationLandscapeRight";
				IPHONEOS_DEPLOYMENT_TARGET = 16.0;
				LD_RUNPATH_SEARCH_PATHS = (
					"$(inherited)",
					"@executable_path/Frameworks",
				);
				MARKETING_VERSION = 1.0;
				PRODUCT_BUNDLE_IDENTIFIER = com.kubaszulaczkowski.NYCSchoolsChallenge;
				PRODUCT_NAME = "$(TARGET_NAME)";
				SWIFT_EMIT_LOC_STRINGS = YES;
				SWIFT_VERSION = 5.0;
				TARGETED_DEVICE_FAMILY = "1,2";
			};
			name = Release;
		};
		8CD9FF4429D5F62900A7627F /* Debug */ = {
			isa = XCBuildConfiguration;
			buildSettings = {
				BUNDLE_LOADER = "$(TEST_HOST)";
				CODE_SIGN_STYLE = Automatic;
				CURRENT_PROJECT_VERSION = 1;
				DEVELOPMENT_TEAM = 74A3A8KAD9;
				GENERATE_INFOPLIST_FILE = YES;
				MARKETING_VERSION = 1.0;
				PRODUCT_BUNDLE_IDENTIFIER = com.kubaszulaczkowski.NYCSchoolsTests;
				PRODUCT_NAME = "$(TARGET_NAME)";
				SWIFT_EMIT_LOC_STRINGS = NO;
				SWIFT_VERSION = 5.0;
				TARGETED_DEVICE_FAMILY = "1,2";
				TEST_HOST = "$(BUILT_PRODUCTS_DIR)/NYCSchoolsChallenge.app/$(BUNDLE_EXECUTABLE_FOLDER_PATH)/NYCSchoolsChallenge";
			};
			name = Debug;
		};
		8CD9FF4529D5F62900A7627F /* Release */ = {
			isa = XCBuildConfiguration;
			buildSettings = {
				BUNDLE_LOADER = "$(TEST_HOST)";
				CODE_SIGN_STYLE = Automatic;
				CURRENT_PROJECT_VERSION = 1;
				DEVELOPMENT_TEAM = 74A3A8KAD9;
				GENERATE_INFOPLIST_FILE = YES;
				MARKETING_VERSION = 1.0;
				PRODUCT_BUNDLE_IDENTIFIER = com.kubaszulaczkowski.NYCSchoolsTests;
				PRODUCT_NAME = "$(TARGET_NAME)";
				SWIFT_EMIT_LOC_STRINGS = NO;
				SWIFT_VERSION = 5.0;
				TARGETED_DEVICE_FAMILY = "1,2";
				TEST_HOST = "$(BUILT_PRODUCTS_DIR)/NYCSchoolsChallenge.app/$(BUNDLE_EXECUTABLE_FOLDER_PATH)/NYCSchoolsChallenge";
			};
			name = Release;
		};
/* End XCBuildConfiguration section */

/* Begin XCConfigurationList section */
		8C62A88229D12F7A0073A9A0 /* Build configuration list for PBXProject "NYCSchoolsChallenge" */ = {
			isa = XCConfigurationList;
			buildConfigurations = (
				8C62A89329D12F7D0073A9A0 /* Debug */,
				8C62A89429D12F7D0073A9A0 /* Release */,
			);
			defaultConfigurationIsVisible = 0;
			defaultConfigurationName = Release;
		};
		8C62A89529D12F7D0073A9A0 /* Build configuration list for PBXNativeTarget "NYCSchoolsChallenge" */ = {
			isa = XCConfigurationList;
			buildConfigurations = (
				8C62A89629D12F7D0073A9A0 /* Debug */,
				8C62A89729D12F7D0073A9A0 /* Release */,
			);
			defaultConfigurationIsVisible = 0;
			defaultConfigurationName = Release;
		};
		8CD9FF4629D5F62900A7627F /* Build configuration list for PBXNativeTarget "NYCSchoolsTests" */ = {
			isa = XCConfigurationList;
			buildConfigurations = (
				8CD9FF4429D5F62900A7627F /* Debug */,
				8CD9FF4529D5F62900A7627F /* Release */,
			);
			defaultConfigurationIsVisible = 0;
			defaultConfigurationName = Release;
		};
/* End XCConfigurationList section */
	};
	rootObject = 8C62A87F29D12F7A0073A9A0 /* Project object */;
}
